<?xml version="1.0" encoding="UTF-8" standalone="yes" ?>
<CodeBlocks_project_file>
	<FileVersion major="1" minor="6" />
	<Project>
		<Option title="Virtuality" />
		<Option pch_mode="2" />
		<Option compiler="gcc" />
		<Build>
			<Target title="Debug">
				<Option output="bin/Debug/Virtuality" prefix_auto="1" extension_auto="1" />
				<Option object_output="obj/Debug/" />
				<Option type="1" />
				<Option compiler="gcc" />
				<Compiler>
					<Add option="-g" />
				</Compiler>
			</Target>
			<Target title="Release">
				<Option output="bin/Release/Virtuality" prefix_auto="1" extension_auto="1" />
				<Option object_output="obj/Release/" />
				<Option type="1" />
				<Option compiler="gcc" />
				<Compiler>
					<Add option="-O2" />
				</Compiler>
				<Linker>
					<Add option="-s" />
				</Linker>
			</Target>
		</Build>
		<Compiler>
			<Add option="-Wall" />
			<Add option="-fexceptions" />
		</Compiler>
		<Unit filename="Baza.cpp" />
		<Unit filename="Baza.hpp" />
		<Unit filename="Cal.cpp" />
		<Unit filename="Cal.hpp" />
		<Unit filename="Gaina.cpp" />
		<Unit filename="Gaina.hpp" />
		<Unit filename="Porc.cpp" />
		<Unit filename="Porc.hpp" />
		<Unit filename="Pui.cpp" />
		<Unit filename="Pui.hpp" />
		<Unit filename="Vaca.cpp" />
		<Unit filename="Vaca.hpp" />
		<Unit filename="main.cpp" />
		<Extensions />
	</Project>
</CodeBlocks_project_file>
